<Solution>
  <Configurations>
    <Platform Name="ARM" />
    <Platform Name="ARM64" />
    <Platform Name="x64" />
    <Platform Name="x86" />
  </Configurations>
  <Project Path="flower.vcxproj" Id="a9fb0487-1bcc-4a4d-93bb-66788845ee74">
    <Platform Solution="*|x86" Project="x86" />
    <Deploy />
  </Project>
</Solution>
